
Microsoft Visual Studio Solution File, Format Version 12.00
# Visual Studio 14
VisualStudioVersion = 14.0.23107.0
MinimumVisualStudioVersion = 10.0.40219.1
Project("{FAE04EC0-301F-11D3-BF4B-00C04F79EFBC}") = "ColorBlind-Gen", "ColorBlind-Gen\ColorBlind-Gen.csproj", "{E285AEA9-8911-4280-A21E-27AA92A45923}"
EndProject
Global
	GlobalSection(SolutionConfigurationPlatforms) = preSolution
		Debug|Any CPU = Debug|Any CPU
		Release|Any CPU = Release|Any CPU
	EndGlobalSection
	GlobalSection(ProjectConfigurationPlatforms) = postSolution
		{E285AEA9-8911-4280-A21E-27AA92A45923}.Debug|Any CPU.ActiveCfg = Debug|Any CPU
		{E285AEA9-8911-4280-A21E-27AA92A45923}.Debug|Any CPU.Build.0 = Debug|Any CPU
		{E285AEA9-8911-4280-A21E-27AA92A45923}.Release|Any CPU.ActiveCfg = Release|Any CPU
		{E285AEA9-8911-4280-A21E-27AA92A45923}.Release|Any CPU.Build.0 = Release|Any CPU
	EndGlobalSection
	GlobalSection(SolutionProperties) = preSolution
		HideSolutionNode = FALSE
	EndGlobalSection
EndGlobal
